
Microsoft Visual Studio Solution File, Format Version 12.00
# Visual Studio 15
VisualStudioVersion = 15.0.27428.2015
MinimumVisualStudioVersion = 10.0.40219.1
Project("{8BC9CEB8-8B4A-11D0-8D11-00A0C91BC942}") = "Project3", "Project3\Project3.vcxproj", "{0F946DF9-D206-47B0-B1AB-B49634A62458}"
EndProject
Global
	GlobalSection(SolutionConfigurationPlatforms) = preSolution
		Debug|x64 = Debug|x64
		Debug|x86 = Debug|x86
		Release|x64 = Release|x64
		Release|x86 = Release|x86
	EndGlobalSection
	GlobalSection(ProjectConfigurationPlatforms) = postSolution
		{0F946DF9-D206-47B0-B1AB-B49634A62458}.Debug|x64.ActiveCfg = Debug|x64
		{0F946DF9-D206-47B0-B1AB-B49634A62458}.Debug|x64.Build.0 = Debug|x64
		{0F946DF9-D206-47B0-B1AB-B49634A62458}.Debug|x86.ActiveCfg = Debug|Win32
		{0F946DF9-D206-47B0-B1AB-B49634A62458}.Debug|x86.Build.0 = Debug|Win32
		{0F946DF9-D206-47B0-B1AB-B49634A62458}.Release|x64.ActiveCfg = Release|x64
		{0F946DF9-D206-47B0-B1AB-B49634A62458}.Release|x64.Build.0 = Release|x64
		{0F946DF9-D206-47B0-B1AB-B49634A62458}.Release|x86.ActiveCfg = Release|Win32
		{0F946DF9-D206-47B0-B1AB-B49634A62458}.Release|x86.Build.0 = Release|Win32
	EndGlobalSection
	GlobalSection(SolutionProperties) = preSolution
		HideSolutionNode = FALSE
	EndGlobalSection
	GlobalSection(ExtensibilityGlobals) = postSolution
		SolutionGuid = {49CAFDB0-166A-4452-8F60-D4A7BE5FBE54}
	EndGlobalSection
EndGlobal
